// !$*UTF8*$!
{
	archiveVersion = 1;
	classes = {
	};
	objectVersion = 46;
	objects = {

/* Begin PBXBuildFile section */
		2C430D4B1C80AF0B005B845A /* BookModel.xcdatamodeld in Sources */ = {isa = PBXBuildFile; fileRef = 2C430D491C80AF0B005B845A /* BookModel.xcdatamodeld */; };
		2C430D581C80B26C005B845A /* DataController.swift in Sources */ = {isa = PBXBuildFile; fileRef = 2C430D571C80B26C005B845A /* DataController.swift */; };
		2C9285961C80C10600C8BDDD /* Book+CoreDataProperties.swift in Sources */ = {isa = PBXBuildFile; fileRef = 2C9285941C80C10600C8BDDD /* Book+CoreDataProperties.swift */; };
		2C9285971C80C10600C8BDDD /* Book.swift in Sources */ = {isa = PBXBuildFile; fileRef = 2C9285951C80C10600C8BDDD /* Book.swift */; };
		2CAEC2AB1C7E7570005DC45D /* BooksTableViewController.swift in Sources */ = {isa = PBXBuildFile; fileRef = 2CAEC2AA1C7E7570005DC45D /* BooksTableViewController.swift */; };
		2CAF32321C6A44A90066BC05 /* AppDelegate.swift in Sources */ = {isa = PBXBuildFile; fileRef = 2CAF32311C6A44A90066BC05 /* AppDelegate.swift */; };
		2CAF32341C6A44A90066BC05 /* ViewController.swift in Sources */ = {isa = PBXBuildFile; fileRef = 2CAF32331C6A44A90066BC05 /* ViewController.swift */; };
		2CAF32371C6A44A90066BC05 /* Main.storyboard in Resources */ = {isa = PBXBuildFile; fileRef = 2CAF32351C6A44A90066BC05 /* Main.storyboard */; };
		2CAF32391C6A44A90066BC05 /* Assets.xcassets in Resources */ = {isa = PBXBuildFile; fileRef = 2CAF32381C6A44A90066BC05 /* Assets.xcassets */; };
		2CAF323C1C6A44A90066BC05 /* LaunchScreen.storyboard in Resources */ = {isa = PBXBuildFile; fileRef = 2CAF323A1C6A44A90066BC05 /* LaunchScreen.storyboard */; };
/* End PBXBuildFile section */

/* Begin PBXFileReference section */
		2C430D4A1C80AF0B005B845A /* BookModel.xcdatamodel */ = {isa = PBXFileReference; lastKnownFileType = wrapper.xcdatamodel; path = BookModel.xcdatamodel; sourceTree = "<group>"; };
		2C430D571C80B26C005B845A /* DataController.swift */ = {isa = PBXFileReference; fileEncoding = 4; lastKnownFileType = sourcecode.swift; path = DataController.swift; sourceTree = "<group>"; };
		2C9285941C80C10600C8BDDD /* Book+CoreDataProperties.swift */ = {isa = PBXFileReference; fileEncoding = 4; lastKnownFileType = sourcecode.swift; path = "Book+CoreDataProperties.swift"; sourceTree = "<group>"; };
		2C9285951C80C10600C8BDDD /* Book.swift */ = {isa = PBXFileReference; fileEncoding = 4; lastKnownFileType = sourcecode.swift; path = Book.swift; sourceTree = "<group>"; };
		2CAEC2AA1C7E7570005DC45D /* BooksTableViewController.swift */ = {isa = PBXFileReference; fileEncoding = 4; lastKnownFileType = sourcecode.swift; path = BooksTableViewController.swift; sourceTree = "<group>"; };
		2CAF322E1C6A44A90066BC05 /* BuscaLibro.app */ = {isa = PBXFileReference; explicitFileType = wrapper.application; includeInIndex = 0; path = BuscaLibro.app; sourceTree = BUILT_PRODUCTS_DIR; };
		2CAF32311C6A44A90066BC05 /* AppDelegate.swift */ = {isa = PBXFileReference; lastKnownFileType = sourcecode.swift; path = AppDelegate.swift; sourceTree = "<group>"; };
		2CAF32331C6A44A90066BC05 /* ViewController.swift */ = {isa = PBXFileReference; lastKnownFileType = sourcecode.swift; path = ViewController.swift; sourceTree = "<group>"; };
		2CAF32361C6A44A90066BC05 /* Base */ = {isa = PBXFileReference; lastKnownFileType = file.storyboard; name = Base; path = Base.lproj/Main.storyboard; sourceTree = "<group>"; };
		2CAF32381C6A44A90066BC05 /* Assets.xcassets */ = {isa = PBXFileReference; lastKnownFileType = folder.assetcatalog; path = Assets.xcassets; sourceTree = "<group>"; };
		2CAF323B1C6A44A90066BC05 /* Base */ = {isa = PBXFileReference; lastKnownFileType = file.storyboard; name = Base; path = Base.lproj/LaunchScreen.storyboard; sourceTree = "<group>"; };
		2CAF323D1C6A44A90066BC05 /* Info.plist */ = {isa = PBXFileReference; lastKnownFileType = text.plist.xml; path = Info.plist; sourceTree = "<group>"; };
/* End PBXFileReference section */

/* Begin PBXFrameworksBuildPhase section */
		2CAF322B1C6A44A90066BC05 /* Frameworks */ = {
			isa = PBXFrameworksBuildPhase;
			buildActionMask = 2147483647;
			files = (
			);
			runOnlyForDeploymentPostprocessing = 0;
		};
/* End PBXFrameworksBuildPhase section */

/* Begin PBXGroup section */
		2CAF32251C6A44A90066BC05 = {
			isa = PBXGroup;
			children = (
				2C9285941C80C10600C8BDDD /* Book+CoreDataProperties.swift */,
				2C9285951C80C10600C8BDDD /* Book.swift */,
				2CAF32301C6A44A90066BC05 /* BuscaLibro */,
				2CAF322F1C6A44A90066BC05 /* Products */,
			);
			sourceTree = "<group>";
		};
		2CAF322F1C6A44A90066BC05 /* Products */ = {
			isa = PBXGroup;
			children = (
				2CAF322E1C6A44A90066BC05 /* BuscaLibro.app */,
			);
			name = Products;
			sourceTree = "<group>";
		};
		2CAF32301C6A44A90066BC05 /* BuscaLibro */ = {
			isa = PBXGroup;
			children = (
				2CAF32311C6A44A90066BC05 /* AppDelegate.swift */,
				2CAF32331C6A44A90066BC05 /* ViewController.swift */,
				2CAF32351C6A44A90066BC05 /* Main.storyboard */,
				2CAF32381C6A44A90066BC05 /* Assets.xcassets */,
				2CAF323A1C6A44A90066BC05 /* LaunchScreen.storyboard */,
				2CAF323D1C6A44A90066BC05 /* Info.plist */,
				2CAEC2AA1C7E7570005DC45D /* BooksTableViewController.swift */,
				2C430D491C80AF0B005B845A /* BookModel.xcdatamodeld */,
				2C430D571C80B26C005B845A /* DataController.swift */,
			);
			path = BuscaLibro;
			sourceTree = "<group>";
		};
/* End PBXGroup section */

/* Begin PBXNativeTarget section */
		2CAF322D1C6A44A90066BC05 /* BuscaLibro */ = {
			isa = PBXNativeTarget;
			buildConfigurationList = 2CAF32401C6A44A90066BC05 /* Build configuration list for PBXNativeTarget "BuscaLibro" */;
			buildPhases = (
				2CAF322A1C6A44A90066BC05 /* Sources */,
				2CAF322B1C6A44A90066BC05 /* Frameworks */,
				2CAF322C1C6A44A90066BC05 /* Resources */,
			);
			buildRules = (
			);
			dependencies = (
			);
			name = BuscaLibro;
			productName = BuscaLibro;
			productReference = 2CAF322E1C6A44A90066BC05 /* BuscaLibro.app */;
			productType = "com.apple.product-type.application";
		};
/* End PBXNativeTarget section */

/* Begin PBXProject section */
		2CAF32261C6A44A90066BC05 /* Project object */ = {
			isa = PBXProject;
			attributes = {
				LastSwiftUpdateCheck = 0730;
				LastUpgradeCheck = 0720;
				ORGANIZATIONNAME = "Dante Solorio";
				TargetAttributes = {
					2CAF322D1C6A44A90066BC05 = {
						CreatedOnToolsVersion = 7.2.1;
					};
				};
			};
			buildConfigurationList = 2CAF32291C6A44A90066BC05 /* Build configuration list for PBXProject "BuscaLibro" */;
			compatibilityVersion = "Xcode 3.2";
			developmentRegion = English;
			hasScannedForEncodings = 0;
			knownRegions = (
				en,
				Base,
			);
			mainGroup = 2CAF32251C6A44A90066BC05;
			productRefGroup = 2CAF322F1C6A44A90066BC05 /* Products */;
			projectDirPath = "";
			projectRoot = "";
			targets = (
				2CAF322D1C6A44A90066BC05 /* BuscaLibro */,
			);
		};
/* End PBXProject section */

/* Begin PBXResourcesBuildPhase section */
		2CAF322C1C6A44A90066BC05 /* Resources */ = {
			isa = PBXResourcesBuildPhase;
			buildActionMask = 2147483647;
			files = (
				2CAF323C1C6A44A90066BC05 /* LaunchScreen.storyboard in Resources */,
				2CAF32391C6A44A90066BC05 /* Assets.xcassets in Resources */,
				2CAF32371C6A44A90066BC05 /* Main.storyboard in Resources */,
			);
			runOnlyForDeploymentPostprocessing = 0;
		};
/* End PBXResourcesBuildPhase section */

/* Begin PBXSourcesBuildPhase section */
		2CAF322A1C6A44A90066BC05 /* Sources */ = {
			isa = PBXSourcesBuildPhase;
			buildActionMask = 2147483647;
			files = (
				2C430D581C80B26C005B845A /* DataController.swift in Sources */,
				2CAF32341C6A44A90066BC05 /* ViewController.swift in Sources */,
				2C9285971C80C10600C8BDDD /* Book.swift in Sources */,
				2C9285961C80C10600C8BDDD /* Book+CoreDataProperties.swift in Sources */,
				2C430D4B1C80AF0B005B845A /* BookModel.xcdatamodeld in Sources */,
				2CAF32321C6A44A90066BC05 /* AppDelegate.swift in Sources */,
				2CAEC2AB1C7E7570005DC45D /* BooksTableViewController.swift in Sources */,
			);
			runOnlyForDeploymentPostprocessing = 0;
		};
/* End PBXSourcesBuildPhase section */

/* Begin PBXVariantGroup section */
		2CAF32351C6A44A90066BC05 /* Main.storyboard */ = {
			isa = PBXVariantGroup;
			children = (
				2CAF32361C6A44A90066BC05 /* Base */,
			);
			name = Main.storyboard;
			sourceTree = "<group>";
		};
		2CAF323A1C6A44A90066BC05 /* LaunchScreen.storyboard */ = {
			isa = PBXVariantGroup;
			children = (
				2CAF323B1C6A44A90066BC05 /* Base */,
			);
			name = LaunchScreen.storyboard;
			sourceTree = "<group>";
		};
/* End PBXVariantGroup section */

/* Begin XCBuildConfiguration section */
		2CAF323E1C6A44A90066BC05 /* Debug */ = {
			isa = XCBuildConfiguration;
			buildSettings = {
				ALWAYS_SEARCH_USER_PATHS = NO;
				CLANG_CXX_LANGUAGE_STANDARD = "gnu++0x";
				CLANG_CXX_LIBRARY = "libc++";
				CLANG_ENABLE_MODULES = YES;
				CLANG_ENABLE_OBJC_ARC = YES;
				CLANG_WARN_BOOL_CONVERSION = YES;
				CLANG_WARN_CONSTANT_CONVERSION = YES;
				CLANG_WARN_DIRECT_OBJC_ISA_USAGE = YES_ERROR;
				CLANG_WARN_EMPTY_BODY = YES;
				CLANG_WARN_ENUM_CONVERSION = YES;
				CLANG_WARN_INT_CONVERSION = YES;
				CLANG_WARN_OBJC_ROOT_CLASS = YES_ERROR;
				CLANG_WARN_UNREACHABLE_CODE = YES;
				CLANG_WARN__DUPLICATE_METHOD_MATCH = YES;
				"CODE_SIGN_IDENTITY[sdk=iphoneos*]" = "iPhone Developer";
				COPY_PHASE_STRIP = NO;
				DEBUG_INFORMATION_FORMAT = dwarf;
				ENABLE_STRICT_OBJC_MSGSEND = YES;
				ENABLE_TESTABILITY = YES;
				GCC_C_LANGUAGE_STANDARD = gnu99;
				GCC_DYNAMIC_NO_PIC = NO;
				GCC_NO_COMMON_BLOCKS = YES;
				GCC_OPTIMIZATION_LEVEL = 0;
				GCC_PREPROCESSOR_DEFINITIONS = (
					"DEBUG=1",
					"$(inherited)",
				);
				GCC_WARN_64_TO_32_BIT_CONVERSION = YES;
				GCC_WARN_ABOUT_RETURN_TYPE = YES_ERROR;
				GCC_WARN_UNDECLARED_SELECTOR = YES;
				GCC_WARN_UNINITIALIZED_AUTOS = YES_AGGRESSIVE;
				GCC_WARN_UNUSED_FUNCTION = YES;
				GCC_WARN_UNUSED_VARIABLE = YES;
				IPHONEOS_DEPLOYMENT_TARGET = 9.2;
				MTL_ENABLE_DEBUG_INFO = YES;
				ONLY_ACTIVE_ARCH = YES;
				SDKROOT = iphoneos;
				SWIFT_OPTIMIZATION_LEVEL = "-Onone";
			};
			name = Debug;
		};
		2CAF323F1C6A44A90066BC05 /* Release */ = {
			isa = XCBuildConfiguration;
			buildSettings = {
				ALWAYS_SEARCH_USER_PATHS = NO;
				CLANG_CXX_LANGUAGE_STANDARD = "gnu++0x";
				CLANG_CXX_LIBRARY = "libc++";
				CLANG_ENABLE_MODULES = YES;
				CLANG_ENABLE_OBJC_ARC = YES;
				CLANG_WARN_BOOL_CONVERSION = YES;
				CLANG_WARN_CONSTANT_CONVERSION = YES;
				CLANG_WARN_DIRECT_OBJC_ISA_USAGE = YES_ERROR;
				CLANG_WARN_EMPTY_BODY = YES;
				CLANG_WARN_ENUM_CONVERSION = YES;
				CLANG_WARN_INT_CONVERSION = YES;
				CLANG_WARN_OBJC_ROOT_CLASS = YES_ERROR;
				CLANG_WARN_UNREACHABLE_CODE = YES;
				CLANG_WARN__DUPLICATE_METHOD_MATCH = YES;
				"CODE_SIGN_IDENTITY[sdk=iphoneos*]" = "iPhone Developer";
				COPY_PHASE_STRIP = NO;
				DEBUG_INFORMATION_FORMAT = "dwarf-with-dsym";
				ENABLE_NS_ASSERTIONS = NO;
				ENABLE_STRICT_OBJC_MSGSEND = YES;
				GCC_C_LANGUAGE_STANDARD = gnu99;
				GCC_NO_COMMON_BLOCKS = YES;
				GCC_WARN_64_TO_32_BIT_CONVERSION = YES;
				GCC_WARN_ABOUT_RETURN_TYPE = YES_ERROR;
				GCC_WARN_UNDECLARED_SELECTOR = YES;
				GCC_WARN_UNINITIALIZED_AUTOS = YES_AGGRESSIVE;
				GCC_WARN_UNUSED_FUNCTION = YES;
				GCC_WARN_UNUSED_VARIABLE = YES;
				IPHONEOS_DEPLOYMENT_TARGET = 9.2;
				MTL_ENABLE_DEBUG_INFO = NO;
				SDKROOT = iphoneos;
				VALIDATE_PRODUCT = YES;
			};
			name = Release;
		};
		2CAF32411C6A44A90066BC05 /* Debug */ = {
			isa = XCBuildConfiguration;
			buildSettings = {
				ASSETCATALOG_COMPILER_APPICON_NAME = AppIcon;
				CLANG_ENABLE_MODULES = YES;
				INFOPLIST_FILE = BuscaLibro/Info.plist;
				LD_RUNPATH_SEARCH_PATHS = "$(inherited) @executable_path/Frameworks";
				PRODUCT_BUNDLE_IDENTIFIER = com.dante.BuscaLibro;
				PRODUCT_NAME = "$(TARGET_NAME)";
				SWIFT_OBJC_BRIDGING_HEADER = "";
				SWIFT_OPTIMIZATION_LEVEL = "-Onone";
			};
			name = Debug;
		};
		2CAF32421C6A44A90066BC05 /* Release */ = {
			isa = XCBuildConfiguration;
			buildSettings = {
				ASSETCATALOG_COMPILER_APPICON_NAME = AppIcon;
				CLANG_ENABLE_MODULES = YES;
				INFOPLIST_FILE = BuscaLibro/Info.plist;
				LD_RUNPATH_SEARCH_PATHS = "$(inherited) @executable_path/Frameworks";
				PRODUCT_BUNDLE_IDENTIFIER = com.dante.BuscaLibro;
				PRODUCT_NAME = "$(TARGET_NAME)";
				SWIFT_OBJC_BRIDGING_HEADER = "";
			};
			name = Release;
		};
/* End XCBuildConfiguration section */

/* Begin XCConfigurationList section */
		2CAF32291C6A44A90066BC05 /* Build configuration list for PBXProject "BuscaLibro" */ = {
			isa = XCConfigurationList;
			buildConfigurations = (
				2CAF323E1C6A44A90066BC05 /* Debug */,
				2CAF323F1C6A44A90066BC05 /* Release */,
			);
			defaultConfigurationIsVisible = 0;
			defaultConfigurationName = Release;
		};
		2CAF32401C6A44A90066BC05 /* Build configuration list for PBXNativeTarget "BuscaLibro" */ = {
			isa = XCConfigurationList;
			buildConfigurations = (
				2CAF32411C6A44A90066BC05 /* Debug */,
				2CAF32421C6A44A90066BC05 /* Release */,
			);
			defaultConfigurationIsVisible = 0;
			defaultConfigurationName = Release;
		};
/* End XCConfigurationList section */

/* Begin XCVersionGroup section */
		2C430D491C80AF0B005B845A /* BookModel.xcdatamodeld */ = {
			isa = XCVersionGroup;
			children = (
				2C430D4A1C80AF0B005B845A /* BookModel.xcdatamodel */,
			);
			currentVersion = 2C430D4A1C80AF0B005B845A /* BookModel.xcdatamodel */;
			path = BookModel.xcdatamodeld;
			sourceTree = "<group>";
			versionGroupType = wrapper.xcdatamodel;
		};
/* End XCVersionGroup section */
	};
	rootObject = 2CAF32261C6A44A90066BC05 /* Project object */;
}
